{
  "name": "pixput",
  "version": "1.0.0",
  "lockfileVersion": 3,
  "requires": true,
  "packages": {
    "": {
      "name": "pixput",
      "version": "1.0.0",
      "license": "ISC",
      "devDependencies": {
        "@cerebral-juice-co/claude-agents": "^4.1.0"
      }
    },
    "node_modules/@cerebral-juice-co/cjco-mcp": {
      "version": "1.0.306",
      "resolved": "https://cerebral-juice-co.pkgs.visualstudio.com/_packaging/cjco/npm/registry/@cerebral-juice-co/cjco-mcp/-/cjco-mcp-1.0.306.tgz",
      "integrity": "sha1-RlmLlrN+vGQJO/7FzqKio2ScZk4=",
      "cpu": [
        "arm64"
      ],
      "dev": true,
      "hasInstallScript": true,
      "license": "UNLICENSED",
      "os": [
        "darwin"
      ],
      "bin": {
        "cjco-mcp": "bin/cjco-mcp.mjs"
      },
      "engines": {
        "node": ">=18.0.0"
      },
      "optionalDependencies": {
        "@cerebral-juice-co/cjco-mcp-darwin-arm64": "1.0.306"
      }
    },
    "node_modules/@cerebral-juice-co/cjco-mcp-darwin-arm64": {
      "version": "1.0.306",
      "resolved": "https://cerebral-juice-co.pkgs.visualstudio.com/_packaging/cjco/npm/registry/@cerebral-juice-co/cjco-mcp-darwin-arm64/-/cjco-mcp-darwin-arm64-1.0.306.tgz",
      "integrity": "sha1-QFnl8uD1rcV499LUQc2P+QKltls=",
      "cpu": [
        "arm64"
      ],
      "dev": true,
      "license": "UNLICENSED",
      "optional": true,
      "os": [
        "darwin"
      ]
    },
    "node_modules/@cerebral-juice-co/claude-agents": {
      "version": "4.1.0",
      "resolved": "https://cerebral-juice-co.pkgs.visualstudio.com/_packaging/cjco/npm/registry/@cerebral-juice-co/claude-agents/-/claude-agents-4.1.0.tgz",
      "integrity": "sha1-HrB5Njge6vRP41nMcGiPwLHv+ZA=",
      "dev": true,
      "license": "UNLICENSED",
      "dependencies": {
        "@cerebral-juice-co/cjco-mcp": "^1.0.0"
      },
      "bin": {
        "claude-agents": "bin/claude-agents.mjs"
      },
      "engines": {
        "node": ">=18.0.0"
      }
    }
  }
}
